
Microsoft Visual Studio Solution File, Format Version 12.00
# Visual Studio Version 17
VisualStudioVersion = 17.8.34330.188
MinimumVisualStudioVersion = 10.0.40219.1
Project("{FAE04EC0-301F-11D3-BF4B-00C04F79EFBC}") = "pratice project", "pratice project\pratice project.csproj", "{87707A99-1B65-435A-9EA0-C340C8FBC07A}"
EndProject
Global
	GlobalSection(SolutionConfigurationPlatforms) = preSolution
		Debug|Any CPU = Debug|Any CPU
		Release|Any CPU = Release|Any CPU
	EndGlobalSection
	GlobalSection(ProjectConfigurationPlatforms) = postSolution
		{87707A99-1B65-435A-9EA0-C340C8FBC07A}.Debug|Any CPU.ActiveCfg = Debug|Any CPU
		{87707A99-1B65-435A-9EA0-C340C8FBC07A}.Debug|Any CPU.Build.0 = Debug|Any CPU
		{87707A99-1B65-435A-9EA0-C340C8FBC07A}.Release|Any CPU.ActiveCfg = Release|Any CPU
		{87707A99-1B65-435A-9EA0-C340C8FBC07A}.Release|Any CPU.Build.0 = Release|Any CPU
	EndGlobalSection
	GlobalSection(SolutionProperties) = preSolution
		HideSolutionNode = FALSE
	EndGlobalSection
	GlobalSection(ExtensibilityGlobals) = postSolution
		SolutionGuid = {A869D806-C4D1-4D75-B9DD-B5C30D913372}
	EndGlobalSection
EndGlobal
